
Microsoft Visual Studio Solution File, Format Version 12.00
# Visual Studio Version 17
VisualStudioVersion = 17.8.34511.84
MinimumVisualStudioVersion = 10.0.40219.1
Project("{FAE04EC0-301F-11D3-BF4B-00C04F79EFBC}") = "Network_Programing_HTTP_Practics", "Network_Programing_HTTP_Practics\Network_Programing_HTTP_Practics.csproj", "{71CAE3EA-DCD2-49BC-92B5-F3424E0BF520}"
EndProject
Global
	GlobalSection(SolutionConfigurationPlatforms) = preSolution
		Debug|Any CPU = Debug|Any CPU
		Release|Any CPU = Release|Any CPU
	EndGlobalSection
	GlobalSection(ProjectConfigurationPlatforms) = postSolution
		{71CAE3EA-DCD2-49BC-92B5-F3424E0BF520}.Debug|Any CPU.ActiveCfg = Debug|Any CPU
		{71CAE3EA-DCD2-49BC-92B5-F3424E0BF520}.Debug|Any CPU.Build.0 = Debug|Any CPU
		{71CAE3EA-DCD2-49BC-92B5-F3424E0BF520}.Release|Any CPU.ActiveCfg = Release|Any CPU
		{71CAE3EA-DCD2-49BC-92B5-F3424E0BF520}.Release|Any CPU.Build.0 = Release|Any CPU
	EndGlobalSection
	GlobalSection(SolutionProperties) = preSolution
		HideSolutionNode = FALSE
	EndGlobalSection
	GlobalSection(ExtensibilityGlobals) = postSolution
		SolutionGuid = {436E264D-AF66-4580-A377-45FB5BA45EC4}
	EndGlobalSection
EndGlobal
